# This file is @generated by PDM.
# It is not intended for manual editing.

[metadata]
groups = ["default"]
strategy = ["inherit_metadata"]
lock_version = "4.5.0"
content_hash = "sha256:dd76f1281ed489f60c7da84b155a32033f8aa393018c9712ffb21effdc6e718e"

[[metadata.targets]]
requires_python = ">=3.7"

[[metadata.targets]]
requires_python = ">=3.13"
