# This file is @generated by PDM.
# It is not intended for manual editing.

[metadata]
groups = ["default"]
strategy = ["inherit_metadata"]
lock_version = "4.5.0"
content_hash = "sha256:25be0b667e0cf0dc05e225ec01419a59c3ac027f7aaa0b6c0420e6d8c8522ed0"

[[metadata.targets]]
requires_python = ">=3.7"

[[metadata.targets]]
requires_python = ">=3.13"
